// !$*UTF8*$!
{
	archiveVersion = 1;
	classes = {
	};
	objectVersion = 50;
	objects = {

/* Begin PBXBuildFile section */
		14DE9EC2266BFEB6001425CB /* AppDelegate.swift in Sources */ = {isa = PBXBuildFile; fileRef = 14DE9EC1266BFEB6001425CB /* AppDelegate.swift */; };
		14DE9EC4266BFEB6001425CB /* SceneDelegate.swift in Sources */ = {isa = PBXBuildFile; fileRef = 14DE9EC3266BFEB6001425CB /* SceneDelegate.swift */; };
		14DE9EC6266BFEB6001425CB /* ViewController.swift in Sources */ = {isa = PBXBuildFile; fileRef = 14DE9EC5266BFEB6001425CB /* ViewController.swift */; };
		14DE9EC9266BFEB6001425CB /* Main.storyboard in Resources */ = {isa = PBXBuildFile; fileRef = 14DE9EC7266BFEB6001425CB /* Main.storyboard */; };
		14DE9ECC266BFEB6001425CB /* project_bd.xcdatamodeld in Sources */ = {isa = PBXBuildFile; fileRef = 14DE9ECA266BFEB6001425CB /* project_bd.xcdatamodeld */; };
		14DE9ECE266BFEB8001425CB /* Assets.xcassets in Resources */ = {isa = PBXBuildFile; fileRef = 14DE9ECD266BFEB8001425CB /* Assets.xcassets */; };
		14DE9ED1266BFEB8001425CB /* LaunchScreen.storyboard in Resources */ = {isa = PBXBuildFile; fileRef = 14DE9ECF266BFEB8001425CB /* LaunchScreen.storyboard */; };
		14DE9ED9266C01D2001425CB /* TableViewController.swift in Sources */ = {isa = PBXBuildFile; fileRef = 14DE9ED8266C01D2001425CB /* TableViewController.swift */; };
		14DE9EDB266C02DE001425CB /* PessoaDAO.swift in Sources */ = {isa = PBXBuildFile; fileRef = 14DE9EDA266C02DE001425CB /* PessoaDAO.swift */; };
/* End PBXBuildFile section */

/* Begin PBXFileReference section */
		14DE9EBE266BFEB6001425CB /* project_bd.app */ = {isa = PBXFileReference; explicitFileType = wrapper.application; includeInIndex = 0; path = project_bd.app; sourceTree = BUILT_PRODUCTS_DIR; };
		14DE9EC1266BFEB6001425CB /* AppDelegate.swift */ = {isa = PBXFileReference; lastKnownFileType = sourcecode.swift; path = AppDelegate.swift; sourceTree = "<group>"; };
		14DE9EC3266BFEB6001425CB /* SceneDelegate.swift */ = {isa = PBXFileReference; lastKnownFileType = sourcecode.swift; path = SceneDelegate.swift; sourceTree = "<group>"; };
		14DE9EC5266BFEB6001425CB /* ViewController.swift */ = {isa = PBXFileReference; lastKnownFileType = sourcecode.swift; path = ViewController.swift; sourceTree = "<group>"; };
		14DE9EC8266BFEB6001425CB /* Base */ = {isa = PBXFileReference; lastKnownFileType = file.storyboard; name = Base; path = Base.lproj/Main.storyboard; sourceTree = "<group>"; };
		14DE9ECB266BFEB6001425CB /* project_bd.xcdatamodel */ = {isa = PBXFileReference; lastKnownFileType = wrapper.xcdatamodel; path = project_bd.xcdatamodel; sourceTree = "<group>"; };
		14DE9ECD266BFEB8001425CB /* Assets.xcassets */ = {isa = PBXFileReference; lastKnownFileType = folder.assetcatalog; path = Assets.xcassets; sourceTree = "<group>"; };
		14DE9ED0266BFEB8001425CB /* Base */ = {isa = PBXFileReference; lastKnownFileType = file.storyboard; name = Base; path = Base.lproj/LaunchScreen.storyboard; sourceTree = "<group>"; };
		14DE9ED2266BFEB8001425CB /* Info.plist */ = {isa = PBXFileReference; lastKnownFileType = text.plist.xml; path = Info.plist; sourceTree = "<group>"; };
		14DE9ED8266C01D2001425CB /* TableViewController.swift */ = {isa = PBXFileReference; lastKnownFileType = sourcecode.swift; path = TableViewController.swift; sourceTree = "<group>"; };
		14DE9EDA266C02DE001425CB /* PessoaDAO.swift */ = {isa = PBXFileReference; lastKnownFileType = sourcecode.swift; path = PessoaDAO.swift; sourceTree = "<group>"; };
/* End PBXFileReference section */

/* Begin PBXFrameworksBuildPhase section */
		14DE9EBB266BFEB6001425CB /* Frameworks */ = {
			isa = PBXFrameworksBuildPhase;
			buildActionMask = 2147483647;
			files = (
			);
			runOnlyForDeploymentPostprocessing = 0;
		};
/* End PBXFrameworksBuildPhase section */

/* Begin PBXGroup section */
		14DE9EB5266BFEB6001425CB = {
			isa = PBXGroup;
			children = (
				14DE9EC0266BFEB6001425CB /* project_bd */,
				14DE9EBF266BFEB6001425CB /* Products */,
			);
			sourceTree = "<group>";
		};
		14DE9EBF266BFEB6001425CB /* Products */ = {
			isa = PBXGroup;
			children = (
				14DE9EBE266BFEB6001425CB /* project_bd.app */,
			);
			name = Products;
			sourceTree = "<group>";
		};
		14DE9EC0266BFEB6001425CB /* project_bd */ = {
			isa = PBXGroup;
			children = (
				14DE9EC1266BFEB6001425CB /* AppDelegate.swift */,
				14DE9EC3266BFEB6001425CB /* SceneDelegate.swift */,
				14DE9EC5266BFEB6001425CB /* ViewController.swift */,
				14DE9EC7266BFEB6001425CB /* Main.storyboard */,
				14DE9EDA266C02DE001425CB /* PessoaDAO.swift */,
				14DE9ED8266C01D2001425CB /* TableViewController.swift */,
				14DE9ECD266BFEB8001425CB /* Assets.xcassets */,
				14DE9ECF266BFEB8001425CB /* LaunchScreen.storyboard */,
				14DE9ED2266BFEB8001425CB /* Info.plist */,
				14DE9ECA266BFEB6001425CB /* project_bd.xcdatamodeld */,
			);
			path = project_bd;
			sourceTree = "<group>";
		};
/* End PBXGroup section */

/* Begin PBXNativeTarget section */
		14DE9EBD266BFEB6001425CB /* project_bd */ = {
			isa = PBXNativeTarget;
			buildConfigurationList = 14DE9ED5266BFEB8001425CB /* Build configuration list for PBXNativeTarget "project_bd" */;
			buildPhases = (
				14DE9EBA266BFEB6001425CB /* Sources */,
				14DE9EBB266BFEB6001425CB /* Frameworks */,
				14DE9EBC266BFEB6001425CB /* Resources */,
			);
			buildRules = (
			);
			dependencies = (
			);
			name = project_bd;
			productName = project_bd;
			productReference = 14DE9EBE266BFEB6001425CB /* project_bd.app */;
			productType = "com.apple.product-type.application";
		};
/* End PBXNativeTarget section */

/* Begin PBXProject section */
		14DE9EB6266BFEB6001425CB /* Project object */ = {
			isa = PBXProject;
			attributes = {
				LastSwiftUpdateCheck = 1130;
				LastUpgradeCheck = 1130;
				ORGANIZATIONNAME = IFPB;
				TargetAttributes = {
					14DE9EBD266BFEB6001425CB = {
						CreatedOnToolsVersion = 11.3.1;
					};
				};
			};
			buildConfigurationList = 14DE9EB9266BFEB6001425CB /* Build configuration list for PBXProject "project_bd" */;
			compatibilityVersion = "Xcode 9.3";
			developmentRegion = en;
			hasScannedForEncodings = 0;
			knownRegions = (
				en,
				Base,
			);
			mainGroup = 14DE9EB5266BFEB6001425CB;
			productRefGroup = 14DE9EBF266BFEB6001425CB /* Products */;
			projectDirPath = "";
			projectRoot = "";
			targets = (
				14DE9EBD266BFEB6001425CB /* project_bd */,
			);
		};
/* End PBXProject section */

/* Begin PBXResourcesBuildPhase section */
		14DE9EBC266BFEB6001425CB /* Resources */ = {
			isa = PBXResourcesBuildPhase;
			buildActionMask = 2147483647;
			files = (
				14DE9ED1266BFEB8001425CB /* LaunchScreen.storyboard in Resources */,
				14DE9ECE266BFEB8001425CB /* Assets.xcassets in Resources */,
				14DE9EC9266BFEB6001425CB /* Main.storyboard in Resources */,
			);
			runOnlyForDeploymentPostprocessing = 0;
		};
/* End PBXResourcesBuildPhase section */

/* Begin PBXSourcesBuildPhase section */
		14DE9EBA266BFEB6001425CB /* Sources */ = {
			isa = PBXSourcesBuildPhase;
			buildActionMask = 2147483647;
			files = (
				14DE9EC6266BFEB6001425CB /* ViewController.swift in Sources */,
				14DE9EDB266C02DE001425CB /* PessoaDAO.swift in Sources */,
				14DE9EC2266BFEB6001425CB /* AppDelegate.swift in Sources */,
				14DE9EC4266BFEB6001425CB /* SceneDelegate.swift in Sources */,
				14DE9ED9266C01D2001425CB /* TableViewController.swift in Sources */,
				14DE9ECC266BFEB6001425CB /* project_bd.xcdatamodeld in Sources */,
			);
			runOnlyForDeploymentPostprocessing = 0;
		};
/* End PBXSourcesBuildPhase section */

/* Begin PBXVariantGroup section */
		14DE9EC7266BFEB6001425CB /* Main.storyboard */ = {
			isa = PBXVariantGroup;
			children = (
				14DE9EC8266BFEB6001425CB /* Base */,
			);
			name = Main.storyboard;
			sourceTree = "<group>";
		};
		14DE9ECF266BFEB8001425CB /* LaunchScreen.storyboard */ = {
			isa = PBXVariantGroup;
			children = (
				14DE9ED0266BFEB8001425CB /* Base */,
			);
			name = LaunchScreen.storyboard;
			sourceTree = "<group>";
		};
/* End PBXVariantGroup section */

/* Begin XCBuildConfiguration section */
		14DE9ED3266BFEB8001425CB /* Debug */ = {
			isa = XCBuildConfiguration;
			buildSettings = {
				ALWAYS_SEARCH_USER_PATHS = NO;
				CLANG_ANALYZER_NONNULL = YES;
				CLANG_ANALYZER_NUMBER_OBJECT_CONVERSION = YES_AGGRESSIVE;
				CLANG_CXX_LANGUAGE_STANDARD = "gnu++14";
				CLANG_CXX_LIBRARY = "libc++";
				CLANG_ENABLE_MODULES = YES;
				CLANG_ENABLE_OBJC_ARC = YES;
				CLANG_ENABLE_OBJC_WEAK = YES;
				CLANG_WARN_BLOCK_CAPTURE_AUTORELEASING = YES;
				CLANG_WARN_BOOL_CONVERSION = YES;
				CLANG_WARN_COMMA = YES;
				CLANG_WARN_CONSTANT_CONVERSION = YES;
				CLANG_WARN_DEPRECATED_OBJC_IMPLEMENTATIONS = YES;
				CLANG_WARN_DIRECT_OBJC_ISA_USAGE = YES_ERROR;
				CLANG_WARN_DOCUMENTATION_COMMENTS = YES;
				CLANG_WARN_EMPTY_BODY = YES;
				CLANG_WARN_ENUM_CONVERSION = YES;
				CLANG_WARN_INFINITE_RECURSION = YES;
				CLANG_WARN_INT_CONVERSION = YES;
				CLANG_WARN_NON_LITERAL_NULL_CONVERSION = YES;
				CLANG_WARN_OBJC_IMPLICIT_RETAIN_SELF = YES;
				CLANG_WARN_OBJC_LITERAL_CONVERSION = YES;
				CLANG_WARN_OBJC_ROOT_CLASS = YES_ERROR;
				CLANG_WARN_RANGE_LOOP_ANALYSIS = YES;
				CLANG_WARN_STRICT_PROTOTYPES = YES;
				CLANG_WARN_SUSPICIOUS_MOVE = YES;
				CLANG_WARN_UNGUARDED_AVAILABILITY = YES_AGGRESSIVE;
				CLANG_WARN_UNREACHABLE_CODE = YES;
				CLANG_WARN__DUPLICATE_METHOD_MATCH = YES;
				COPY_PHASE_STRIP = NO;
				DEBUG_INFORMATION_FORMAT = dwarf;
				ENABLE_STRICT_OBJC_MSGSEND = YES;
				ENABLE_TESTABILITY = YES;
				GCC_C_LANGUAGE_STANDARD = gnu11;
				GCC_DYNAMIC_NO_PIC = NO;
				GCC_NO_COMMON_BLOCKS = YES;
				GCC_OPTIMIZATION_LEVEL = 0;
				GCC_PREPROCESSOR_DEFINITIONS = (
					"DEBUG=1",
					"$(inherited)",
				);
				GCC_WARN_64_TO_32_BIT_CONVERSION = YES;
				GCC_WARN_ABOUT_RETURN_TYPE = YES_ERROR;
				GCC_WARN_UNDECLARED_SELECTOR = YES;
				GCC_WARN_UNINITIALIZED_AUTOS = YES_AGGRESSIVE;
				GCC_WARN_UNUSED_FUNCTION = YES;
				GCC_WARN_UNUSED_VARIABLE = YES;
				IPHONEOS_DEPLOYMENT_TARGET = 13.2;
				MTL_ENABLE_DEBUG_INFO = INCLUDE_SOURCE;
				MTL_FAST_MATH = YES;
				ONLY_ACTIVE_ARCH = YES;
				SDKROOT = iphoneos;
				SWIFT_ACTIVE_COMPILATION_CONDITIONS = DEBUG;
				SWIFT_OPTIMIZATION_LEVEL = "-Onone";
			};
			name = Debug;
		};
		14DE9ED4266BFEB8001425CB /* Release */ = {
			isa = XCBuildConfiguration;
			buildSettings = {
				ALWAYS_SEARCH_USER_PATHS = NO;
				CLANG_ANALYZER_NONNULL = YES;
				CLANG_ANALYZER_NUMBER_OBJECT_CONVERSION = YES_AGGRESSIVE;
				CLANG_CXX_LANGUAGE_STANDARD = "gnu++14";
				CLANG_CXX_LIBRARY = "libc++";
				CLANG_ENABLE_MODULES = YES;
				CLANG_ENABLE_OBJC_ARC = YES;
				CLANG_ENABLE_OBJC_WEAK = YES;
				CLANG_WARN_BLOCK_CAPTURE_AUTORELEASING = YES;
				CLANG_WARN_BOOL_CONVERSION = YES;
				CLANG_WARN_COMMA = YES;
				CLANG_WARN_CONSTANT_CONVERSION = YES;
				CLANG_WARN_DEPRECATED_OBJC_IMPLEMENTATIONS = YES;
				CLANG_WARN_DIRECT_OBJC_ISA_USAGE = YES_ERROR;
				CLANG_WARN_DOCUMENTATION_COMMENTS = YES;
				CLANG_WARN_EMPTY_BODY = YES;
				CLANG_WARN_ENUM_CONVERSION = YES;
				CLANG_WARN_INFINITE_RECURSION = YES;
				CLANG_WARN_INT_CONVERSION = YES;
				CLANG_WARN_NON_LITERAL_NULL_CONVERSION = YES;
				CLANG_WARN_OBJC_IMPLICIT_RETAIN_SELF = YES;
				CLANG_WARN_OBJC_LITERAL_CONVERSION = YES;
				CLANG_WARN_OBJC_ROOT_CLASS = YES_ERROR;
				CLANG_WARN_RANGE_LOOP_ANALYSIS = YES;
				CLANG_WARN_STRICT_PROTOTYPES = YES;
				CLANG_WARN_SUSPICIOUS_MOVE = YES;
				CLANG_WARN_UNGUARDED_AVAILABILITY = YES_AGGRESSIVE;
				CLANG_WARN_UNREACHABLE_CODE = YES;
				CLANG_WARN__DUPLICATE_METHOD_MATCH = YES;
				COPY_PHASE_STRIP = NO;
				DEBUG_INFORMATION_FORMAT = "dwarf-with-dsym";
				ENABLE_NS_ASSERTIONS = NO;
				ENABLE_STRICT_OBJC_MSGSEND = YES;
				GCC_C_LANGUAGE_STANDARD = gnu11;
				GCC_NO_COMMON_BLOCKS = YES;
				GCC_WARN_64_TO_32_BIT_CONVERSION = YES;
				GCC_WARN_ABOUT_RETURN_TYPE = YES_ERROR;
				GCC_WARN_UNDECLARED_SELECTOR = YES;
				GCC_WARN_UNINITIALIZED_AUTOS = YES_AGGRESSIVE;
				GCC_WARN_UNUSED_FUNCTION = YES;
				GCC_WARN_UNUSED_VARIABLE = YES;
				IPHONEOS_DEPLOYMENT_TARGET = 13.2;
				MTL_ENABLE_DEBUG_INFO = NO;
				MTL_FAST_MATH = YES;
				SDKROOT = iphoneos;
				SWIFT_COMPILATION_MODE = wholemodule;
				SWIFT_OPTIMIZATION_LEVEL = "-O";
				VALIDATE_PRODUCT = YES;
			};
			name = Release;
		};
		14DE9ED6266BFEB8001425CB /* Debug */ = {
			isa = XCBuildConfiguration;
			buildSettings = {
				ASSETCATALOG_COMPILER_APPICON_NAME = AppIcon;
				CODE_SIGN_STYLE = Automatic;
				INFOPLIST_FILE = project_bd/Info.plist;
				LD_RUNPATH_SEARCH_PATHS = (
					"$(inherited)",
					"@executable_path/Frameworks",
				);
				PRODUCT_BUNDLE_IDENTIFIER = "com.ifpb.project-bd";
				PRODUCT_NAME = "$(TARGET_NAME)";
				SWIFT_VERSION = 5.0;
				TARGETED_DEVICE_FAMILY = "1,2";
			};
			name = Debug;
		};
		14DE9ED7266BFEB8001425CB /* Release */ = {
			isa = XCBuildConfiguration;
			buildSettings = {
				ASSETCATALOG_COMPILER_APPICON_NAME = AppIcon;
				CODE_SIGN_STYLE = Automatic;
				INFOPLIST_FILE = project_bd/Info.plist;
				LD_RUNPATH_SEARCH_PATHS = (
					"$(inherited)",
					"@executable_path/Frameworks",
				);
				PRODUCT_BUNDLE_IDENTIFIER = "com.ifpb.project-bd";
				PRODUCT_NAME = "$(TARGET_NAME)";
				SWIFT_VERSION = 5.0;
				TARGETED_DEVICE_FAMILY = "1,2";
			};
			name = Release;
		};
/* End XCBuildConfiguration section */

/* Begin XCConfigurationList section */
		14DE9EB9266BFEB6001425CB /* Build configuration list for PBXProject "project_bd" */ = {
			isa = XCConfigurationList;
			buildConfigurations = (
				14DE9ED3266BFEB8001425CB /* Debug */,
				14DE9ED4266BFEB8001425CB /* Release */,
			);
			defaultConfigurationIsVisible = 0;
			defaultConfigurationName = Release;
		};
		14DE9ED5266BFEB8001425CB /* Build configuration list for PBXNativeTarget "project_bd" */ = {
			isa = XCConfigurationList;
			buildConfigurations = (
				14DE9ED6266BFEB8001425CB /* Debug */,
				14DE9ED7266BFEB8001425CB /* Release */,
			);
			defaultConfigurationIsVisible = 0;
			defaultConfigurationName = Release;
		};
/* End XCConfigurationList section */

/* Begin XCVersionGroup section */
		14DE9ECA266BFEB6001425CB /* project_bd.xcdatamodeld */ = {
			isa = XCVersionGroup;
			children = (
				14DE9ECB266BFEB6001425CB /* project_bd.xcdatamodel */,
			);
			currentVersion = 14DE9ECB266BFEB6001425CB /* project_bd.xcdatamodel */;
			path = project_bd.xcdatamodeld;
			sourceTree = "<group>";
			versionGroupType = wrapper.xcdatamodel;
		};
/* End XCVersionGroup section */
	};
	rootObject = 14DE9EB6266BFEB6001425CB /* Project object */;
}
